{
  "name": "physics_finale",
  "lockfileVersion": 2,
  "requires": true,
  "packages": {
    "": {
      "dependencies": {
        "@svgdotjs/svg.js": "^3.1.2",
        "plotly.js-dist": "^2.12.1"
      }
    },
    "node_modules/@svgdotjs/svg.js": {
      "version": "3.1.2",
      "resolved": "https://registry.npmjs.org/@svgdotjs/svg.js/-/svg.js-3.1.2.tgz",
      "integrity": "sha512-0ZCWTiuRjCXT2SUoVDiu+8DLuRQlkxZbO680Y2QkV7jNsULzJajrx6A3MxA/IBQg6UGV5csgPZ8w7U57hZSK+A==",
      "funding": {
        "type": "github",
        "url": "https://github.com/sponsors/Fuzzyma"
      }
    },
    "node_modules/plotly.js-dist": {
      "version": "2.12.1",
      "resolved": "https://registry.npmjs.org/plotly.js-dist/-/plotly.js-dist-2.12.1.tgz",
      "integrity": "sha512-u3NumBhoNQw5fyr5sfK0jTIa4v1WwruAs0y5bSk055rKklFtyUgwwVZ8VEKCiWqfuPX7OPS3mE4PqvgP4mATOA=="
    }
  },
  "dependencies": {
    "@svgdotjs/svg.js": {
      "version": "3.1.2",
      "resolved": "https://registry.npmjs.org/@svgdotjs/svg.js/-/svg.js-3.1.2.tgz",
      "integrity": "sha512-0ZCWTiuRjCXT2SUoVDiu+8DLuRQlkxZbO680Y2QkV7jNsULzJajrx6A3MxA/IBQg6UGV5csgPZ8w7U57hZSK+A=="
    },
    "plotly.js-dist": {
      "version": "2.12.1",
      "resolved": "https://registry.npmjs.org/plotly.js-dist/-/plotly.js-dist-2.12.1.tgz",
      "integrity": "sha512-u3NumBhoNQw5fyr5sfK0jTIa4v1WwruAs0y5bSk055rKklFtyUgwwVZ8VEKCiWqfuPX7OPS3mE4PqvgP4mATOA=="
    }
  }
}
